// !$*UTF8*$!
{
	archiveVersion = 1;
	classes = {
	};
	objectVersion = 46;
	objects = {

/* Begin PBXBuildFile section */
		A23BCEC31C22424D00250A3D /* top_background.png in Resources */ = {isa = PBXBuildFile; fileRef = A23BCEC21C22424D00250A3D /* top_background.png */; };
		A23BCEDB1C229D5900250A3D /* HACursor.m in Sources */ = {isa = PBXBuildFile; fileRef = A23BCEC61C229D5900250A3D /* HACursor.m */; };
		A23BCEDC1C229D5900250A3D /* HAItemManager.m in Sources */ = {isa = PBXBuildFile; fileRef = A23BCEC81C229D5900250A3D /* HAItemManager.m */; };
		A23BCEDD1C229D5900250A3D /* HARootScrollView.m in Sources */ = {isa = PBXBuildFile; fileRef = A23BCECB1C229D5900250A3D /* HARootScrollView.m */; };
		A23BCEDE1C229D5900250A3D /* HARootScrollViewCell.m in Sources */ = {isa = PBXBuildFile; fileRef = A23BCECD1C229D5900250A3D /* HARootScrollViewCell.m */; };
		A23BCEDF1C229D5900250A3D /* HARootScrollViewManager.m in Sources */ = {isa = PBXBuildFile; fileRef = A23BCECF1C229D5900250A3D /* HARootScrollViewManager.m */; };
		A23BCEE01C229D5900250A3D /* HAScrollNavBar.m in Sources */ = {isa = PBXBuildFile; fileRef = A23BCED11C229D5900250A3D /* HAScrollNavBar.m */; };
		A23BCEE11C229D5900250A3D /* HASortButton.m in Sources */ = {isa = PBXBuildFile; fileRef = A23BCED31C229D5900250A3D /* HASortButton.m */; };
		A23BCEE21C229D5900250A3D /* HASortItemView.m in Sources */ = {isa = PBXBuildFile; fileRef = A23BCED51C229D5900250A3D /* HASortItemView.m */; };
		A23BCEE31C229D5900250A3D /* icons.bundle in Resources */ = {isa = PBXBuildFile; fileRef = A23BCED61C229D5900250A3D /* icons.bundle */; };
		A23BCEE41C229D5900250A3D /* UIColor+RGBA.m in Sources */ = {isa = PBXBuildFile; fileRef = A23BCED81C229D5900250A3D /* UIColor+RGBA.m */; };
		A23BCEE51C229D5900250A3D /* UIView+Extension.m in Sources */ = {isa = PBXBuildFile; fileRef = A23BCEDA1C229D5900250A3D /* UIView+Extension.m */; };
		A26FFB3A1C22BA1000FEA33C /* WYView.m in Sources */ = {isa = PBXBuildFile; fileRef = A26FFB391C22BA1000FEA33C /* WYView.m */; };
		A2B8C0BA1C2104130001D622 /* main.m in Sources */ = {isa = PBXBuildFile; fileRef = A2B8C0B91C2104130001D622 /* main.m */; };
		A2B8C0BD1C2104130001D622 /* AppDelegate.m in Sources */ = {isa = PBXBuildFile; fileRef = A2B8C0BC1C2104130001D622 /* AppDelegate.m */; };
		A2B8C0C01C2104130001D622 /* ViewController.m in Sources */ = {isa = PBXBuildFile; fileRef = A2B8C0BF1C2104130001D622 /* ViewController.m */; };
		A2B8C0C31C2104130001D622 /* Main.storyboard in Resources */ = {isa = PBXBuildFile; fileRef = A2B8C0C11C2104130001D622 /* Main.storyboard */; };
		A2B8C0C51C2104130001D622 /* Assets.xcassets in Resources */ = {isa = PBXBuildFile; fileRef = A2B8C0C41C2104130001D622 /* Assets.xcassets */; };
		A2B8C0C81C2104130001D622 /* LaunchScreen.storyboard in Resources */ = {isa = PBXBuildFile; fileRef = A2B8C0C61C2104130001D622 /* LaunchScreen.storyboard */; };
		A2B8C0D31C2104130001D622 /* WYDemoTests.m in Sources */ = {isa = PBXBuildFile; fileRef = A2B8C0D21C2104130001D622 /* WYDemoTests.m */; };
		A2B8C0DE1C2104140001D622 /* WYDemoUITests.m in Sources */ = {isa = PBXBuildFile; fileRef = A2B8C0DD1C2104140001D622 /* WYDemoUITests.m */; };
		A2C6D1AC1C23F8DA00768487 /* webView.m in Sources */ = {isa = PBXBuildFile; fileRef = A2C6D1AB1C23F8DA00768487 /* webView.m */; };
/* End PBXBuildFile section */

/* Begin PBXContainerItemProxy section */
		A2B8C0CF1C2104130001D622 /* PBXContainerItemProxy */ = {
			isa = PBXContainerItemProxy;
			containerPortal = A2B8C0AD1C2104130001D622 /* Project object */;
			proxyType = 1;
			remoteGlobalIDString = A2B8C0B41C2104130001D622;
			remoteInfo = WYDemo;
		};
		A2B8C0DA1C2104140001D622 /* PBXContainerItemProxy */ = {
			isa = PBXContainerItemProxy;
			containerPortal = A2B8C0AD1C2104130001D622 /* Project object */;
			proxyType = 1;
			remoteGlobalIDString = A2B8C0B41C2104130001D622;
			remoteInfo = WYDemo;
		};
/* End PBXContainerItemProxy section */

/* Begin PBXFileReference section */
		A23BCEC21C22424D00250A3D /* top_background.png */ = {isa = PBXFileReference; lastKnownFileType = image.png; path = top_background.png; sourceTree = "<group>"; };
		A23BCEC51C229D5900250A3D /* HACursor.h */ = {isa = PBXFileReference; fileEncoding = 4; lastKnownFileType = sourcecode.c.h; path = HACursor.h; sourceTree = "<group>"; };
		A23BCEC61C229D5900250A3D /* HACursor.m */ = {isa = PBXFileReference; fileEncoding = 4; lastKnownFileType = sourcecode.c.objc; path = HACursor.m; sourceTree = "<group>"; };
		A23BCEC71C229D5900250A3D /* HAItemManager.h */ = {isa = PBXFileReference; fileEncoding = 4; lastKnownFileType = sourcecode.c.h; path = HAItemManager.h; sourceTree = "<group>"; };
		A23BCEC81C229D5900250A3D /* HAItemManager.m */ = {isa = PBXFileReference; fileEncoding = 4; lastKnownFileType = sourcecode.c.objc; path = HAItemManager.m; sourceTree = "<group>"; };
		A23BCECA1C229D5900250A3D /* HARootScrollView.h */ = {isa = PBXFileReference; fileEncoding = 4; lastKnownFileType = sourcecode.c.h; path = HARootScrollView.h; sourceTree = "<group>"; };
		A23BCECB1C229D5900250A3D /* HARootScrollView.m */ = {isa = PBXFileReference; fileEncoding = 4; lastKnownFileType = sourcecode.c.objc; path = HARootScrollView.m; sourceTree = "<group>"; };
		A23BCECC1C229D5900250A3D /* HARootScrollViewCell.h */ = {isa = PBXFileReference; fileEncoding = 4; lastKnownFileType = sourcecode.c.h; path = HARootScrollViewCell.h; sourceTree = "<group>"; };
		A23BCECD1C229D5900250A3D /* HARootScrollViewCell.m */ = {isa = PBXFileReference; fileEncoding = 4; lastKnownFileType = sourcecode.c.objc; path = HARootScrollViewCell.m; sourceTree = "<group>"; };
		A23BCECE1C229D5900250A3D /* HARootScrollViewManager.h */ = {isa = PBXFileReference; fileEncoding = 4; lastKnownFileType = sourcecode.c.h; path = HARootScrollViewManager.h; sourceTree = "<group>"; };
		A23BCECF1C229D5900250A3D /* HARootScrollViewManager.m */ = {isa = PBXFileReference; fileEncoding = 4; lastKnownFileType = sourcecode.c.objc; path = HARootScrollViewManager.m; sourceTree = "<group>"; };
		A23BCED01C229D5900250A3D /* HAScrollNavBar.h */ = {isa = PBXFileReference; fileEncoding = 4; lastKnownFileType = sourcecode.c.h; path = HAScrollNavBar.h; sourceTree = "<group>"; };
		A23BCED11C229D5900250A3D /* HAScrollNavBar.m */ = {isa = PBXFileReference; fileEncoding = 4; lastKnownFileType = sourcecode.c.objc; path = HAScrollNavBar.m; sourceTree = "<group>"; };
		A23BCED21C229D5900250A3D /* HASortButton.h */ = {isa = PBXFileReference; fileEncoding = 4; lastKnownFileType = sourcecode.c.h; path = HASortButton.h; sourceTree = "<group>"; };
		A23BCED31C229D5900250A3D /* HASortButton.m */ = {isa = PBXFileReference; fileEncoding = 4; lastKnownFileType = sourcecode.c.objc; path = HASortButton.m; sourceTree = "<group>"; };
		A23BCED41C229D5900250A3D /* HASortItemView.h */ = {isa = PBXFileReference; fileEncoding = 4; lastKnownFileType = sourcecode.c.h; path = HASortItemView.h; sourceTree = "<group>"; };
		A23BCED51C229D5900250A3D /* HASortItemView.m */ = {isa = PBXFileReference; fileEncoding = 4; lastKnownFileType = sourcecode.c.objc; path = HASortItemView.m; sourceTree = "<group>"; };
		A23BCED61C229D5900250A3D /* icons.bundle */ = {isa = PBXFileReference; lastKnownFileType = "wrapper.plug-in"; path = icons.bundle; sourceTree = "<group>"; };
		A23BCED71C229D5900250A3D /* UIColor+RGBA.h */ = {isa = PBXFileReference; fileEncoding = 4; lastKnownFileType = sourcecode.c.h; path = "UIColor+RGBA.h"; sourceTree = "<group>"; };
		A23BCED81C229D5900250A3D /* UIColor+RGBA.m */ = {isa = PBXFileReference; fileEncoding = 4; lastKnownFileType = sourcecode.c.objc; path = "UIColor+RGBA.m"; sourceTree = "<group>"; };
		A23BCED91C229D5900250A3D /* UIView+Extension.h */ = {isa = PBXFileReference; fileEncoding = 4; lastKnownFileType = sourcecode.c.h; path = "UIView+Extension.h"; sourceTree = "<group>"; };
		A23BCEDA1C229D5900250A3D /* UIView+Extension.m */ = {isa = PBXFileReference; fileEncoding = 4; lastKnownFileType = sourcecode.c.objc; path = "UIView+Extension.m"; sourceTree = "<group>"; };
		A26FFB381C22BA1000FEA33C /* WYView.h */ = {isa = PBXFileReference; fileEncoding = 4; lastKnownFileType = sourcecode.c.h; path = WYView.h; sourceTree = "<group>"; };
		A26FFB391C22BA1000FEA33C /* WYView.m */ = {isa = PBXFileReference; fileEncoding = 4; lastKnownFileType = sourcecode.c.objc; path = WYView.m; sourceTree = "<group>"; };
		A2B8C0B51C2104130001D622 /* WYDemo.app */ = {isa = PBXFileReference; explicitFileType = wrapper.application; includeInIndex = 0; path = WYDemo.app; sourceTree = BUILT_PRODUCTS_DIR; };
		A2B8C0B91C2104130001D622 /* main.m */ = {isa = PBXFileReference; lastKnownFileType = sourcecode.c.objc; path = main.m; sourceTree = "<group>"; };
		A2B8C0BB1C2104130001D622 /* AppDelegate.h */ = {isa = PBXFileReference; lastKnownFileType = sourcecode.c.h; path = AppDelegate.h; sourceTree = "<group>"; };
		A2B8C0BC1C2104130001D622 /* AppDelegate.m */ = {isa = PBXFileReference; lastKnownFileType = sourcecode.c.objc; path = AppDelegate.m; sourceTree = "<group>"; };
		A2B8C0BE1C2104130001D622 /* ViewController.h */ = {isa = PBXFileReference; lastKnownFileType = sourcecode.c.h; path = ViewController.h; sourceTree = "<group>"; };
		A2B8C0BF1C2104130001D622 /* ViewController.m */ = {isa = PBXFileReference; lastKnownFileType = sourcecode.c.objc; path = ViewController.m; sourceTree = "<group>"; };
		A2B8C0C21C2104130001D622 /* Base */ = {isa = PBXFileReference; lastKnownFileType = file.storyboard; name = Base; path = Base.lproj/Main.storyboard; sourceTree = "<group>"; };
		A2B8C0C41C2104130001D622 /* Assets.xcassets */ = {isa = PBXFileReference; lastKnownFileType = folder.assetcatalog; path = Assets.xcassets; sourceTree = "<group>"; };
		A2B8C0C71C2104130001D622 /* Base */ = {isa = PBXFileReference; lastKnownFileType = file.storyboard; name = Base; path = Base.lproj/LaunchScreen.storyboard; sourceTree = "<group>"; };
		A2B8C0C91C2104130001D622 /* Info.plist */ = {isa = PBXFileReference; lastKnownFileType = text.plist.xml; path = Info.plist; sourceTree = "<group>"; };
		A2B8C0CE1C2104130001D622 /* WYDemoTests.xctest */ = {isa = PBXFileReference; explicitFileType = wrapper.cfbundle; includeInIndex = 0; path = WYDemoTests.xctest; sourceTree = BUILT_PRODUCTS_DIR; };
		A2B8C0D21C2104130001D622 /* WYDemoTests.m */ = {isa = PBXFileReference; lastKnownFileType = sourcecode.c.objc; path = WYDemoTests.m; sourceTree = "<group>"; };
		A2B8C0D41C2104130001D622 /* Info.plist */ = {isa = PBXFileReference; lastKnownFileType = text.plist.xml; path = Info.plist; sourceTree = "<group>"; };
		A2B8C0D91C2104140001D622 /* WYDemoUITests.xctest */ = {isa = PBXFileReference; explicitFileType = wrapper.cfbundle; includeInIndex = 0; path = WYDemoUITests.xctest; sourceTree = BUILT_PRODUCTS_DIR; };
		A2B8C0DD1C2104140001D622 /* WYDemoUITests.m */ = {isa = PBXFileReference; lastKnownFileType = sourcecode.c.objc; path = WYDemoUITests.m; sourceTree = "<group>"; };
		A2B8C0DF1C2104140001D622 /* Info.plist */ = {isa = PBXFileReference; lastKnownFileType = text.plist.xml; path = Info.plist; sourceTree = "<group>"; };
		A2C6D1AA1C23F8DA00768487 /* webView.h */ = {isa = PBXFileReference; fileEncoding = 4; lastKnownFileType = sourcecode.c.h; name = webView.h; path = HACursor/webView.h; sourceTree = "<group>"; };
		A2C6D1AB1C23F8DA00768487 /* webView.m */ = {isa = PBXFileReference; fileEncoding = 4; lastKnownFileType = sourcecode.c.objc; name = webView.m; path = HACursor/webView.m; sourceTree = "<group>"; };
/* End PBXFileReference section */

/* Begin PBXFrameworksBuildPhase section */
		A2B8C0B21C2104130001D622 /* Frameworks */ = {
			isa = PBXFrameworksBuildPhase;
			buildActionMask = 2147483647;
			files = (
			);
			runOnlyForDeploymentPostprocessing = 0;
		};
		A2B8C0CB1C2104130001D622 /* Frameworks */ = {
			isa = PBXFrameworksBuildPhase;
			buildActionMask = 2147483647;
			files = (
			);
			runOnlyForDeploymentPostprocessing = 0;
		};
		A2B8C0D61C2104140001D622 /* Frameworks */ = {
			isa = PBXFrameworksBuildPhase;
			buildActionMask = 2147483647;
			files = (
			);
			runOnlyForDeploymentPostprocessing = 0;
		};
/* End PBXFrameworksBuildPhase section */

/* Begin PBXGroup section */
		A23BCEC41C229D5900250A3D /* HACursor */ = {
			isa = PBXGroup;
			children = (
				A23BCEC51C229D5900250A3D /* HACursor.h */,
				A23BCEC61C229D5900250A3D /* HACursor.m */,
				A23BCEC71C229D5900250A3D /* HAItemManager.h */,
				A23BCEC81C229D5900250A3D /* HAItemManager.m */,
				A23BCEC91C229D5900250A3D /* HARootScrollView */,
				A23BCED01C229D5900250A3D /* HAScrollNavBar.h */,
				A23BCED11C229D5900250A3D /* HAScrollNavBar.m */,
				A23BCED21C229D5900250A3D /* HASortButton.h */,
				A23BCED31C229D5900250A3D /* HASortButton.m */,
				A23BCED41C229D5900250A3D /* HASortItemView.h */,
				A23BCED51C229D5900250A3D /* HASortItemView.m */,
				A23BCED61C229D5900250A3D /* icons.bundle */,
				A23BCED71C229D5900250A3D /* UIColor+RGBA.h */,
				A23BCED81C229D5900250A3D /* UIColor+RGBA.m */,
				A23BCED91C229D5900250A3D /* UIView+Extension.h */,
				A23BCEDA1C229D5900250A3D /* UIView+Extension.m */,
			);
			path = HACursor;
			sourceTree = "<group>";
		};
		A23BCEC91C229D5900250A3D /* HARootScrollView */ = {
			isa = PBXGroup;
			children = (
				A23BCECA1C229D5900250A3D /* HARootScrollView.h */,
				A23BCECB1C229D5900250A3D /* HARootScrollView.m */,
				A23BCECC1C229D5900250A3D /* HARootScrollViewCell.h */,
				A23BCECD1C229D5900250A3D /* HARootScrollViewCell.m */,
				A23BCECE1C229D5900250A3D /* HARootScrollViewManager.h */,
				A23BCECF1C229D5900250A3D /* HARootScrollViewManager.m */,
			);
			path = HARootScrollView;
			sourceTree = "<group>";
		};
		A2B8C0AC1C2104130001D622 = {
			isa = PBXGroup;
			children = (
				A2B8C0B71C2104130001D622 /* WYDemo */,
				A2B8C0D11C2104130001D622 /* WYDemoTests */,
				A2B8C0DC1C2104140001D622 /* WYDemoUITests */,
				A2B8C0B61C2104130001D622 /* Products */,
			);
			sourceTree = "<group>";
		};
		A2B8C0B61C2104130001D622 /* Products */ = {
			isa = PBXGroup;
			children = (
				A2B8C0B51C2104130001D622 /* WYDemo.app */,
				A2B8C0CE1C2104130001D622 /* WYDemoTests.xctest */,
				A2B8C0D91C2104140001D622 /* WYDemoUITests.xctest */,
			);
			name = Products;
			sourceTree = "<group>";
		};
		A2B8C0B71C2104130001D622 /* WYDemo */ = {
			isa = PBXGroup;
			children = (
				A23BCEC41C229D5900250A3D /* HACursor */,
				A2B8C0BB1C2104130001D622 /* AppDelegate.h */,
				A2B8C0BC1C2104130001D622 /* AppDelegate.m */,
				A2B8C0BE1C2104130001D622 /* ViewController.h */,
				A2B8C0BF1C2104130001D622 /* ViewController.m */,
				A26FFB381C22BA1000FEA33C /* WYView.h */,
				A26FFB391C22BA1000FEA33C /* WYView.m */,
				A2C6D1AA1C23F8DA00768487 /* webView.h */,
				A2C6D1AB1C23F8DA00768487 /* webView.m */,
				A2B8C0C11C2104130001D622 /* Main.storyboard */,
				A2B8C0C41C2104130001D622 /* Assets.xcassets */,
				A2B8C0C61C2104130001D622 /* LaunchScreen.storyboard */,
				A2B8C0C91C2104130001D622 /* Info.plist */,
				A2B8C0B81C2104130001D622 /* Supporting Files */,
			);
			path = WYDemo;
			sourceTree = "<group>";
		};
		A2B8C0B81C2104130001D622 /* Supporting Files */ = {
			isa = PBXGroup;
			children = (
				A23BCEC21C22424D00250A3D /* top_background.png */,
				A2B8C0B91C2104130001D622 /* main.m */,
			);
			name = "Supporting Files";
			sourceTree = "<group>";
		};
		A2B8C0D11C2104130001D622 /* WYDemoTests */ = {
			isa = PBXGroup;
			children = (
				A2B8C0D21C2104130001D622 /* WYDemoTests.m */,
				A2B8C0D41C2104130001D622 /* Info.plist */,
			);
			path = WYDemoTests;
			sourceTree = "<group>";
		};
		A2B8C0DC1C2104140001D622 /* WYDemoUITests */ = {
			isa = PBXGroup;
			children = (
				A2B8C0DD1C2104140001D622 /* WYDemoUITests.m */,
				A2B8C0DF1C2104140001D622 /* Info.plist */,
			);
			path = WYDemoUITests;
			sourceTree = "<group>";
		};
/* End PBXGroup section */

/* Begin PBXNativeTarget section */
		A2B8C0B41C2104130001D622 /* WYDemo */ = {
			isa = PBXNativeTarget;
			buildConfigurationList = A2B8C0E21C2104140001D622 /* Build configuration list for PBXNativeTarget "WYDemo" */;
			buildPhases = (
				A2B8C0B11C2104130001D622 /* Sources */,
				A2B8C0B21C2104130001D622 /* Frameworks */,
				A2B8C0B31C2104130001D622 /* Resources */,
			);
			buildRules = (
			);
			dependencies = (
			);
			name = WYDemo;
			productName = WYDemo;
			productReference = A2B8C0B51C2104130001D622 /* WYDemo.app */;
			productType = "com.apple.product-type.application";
		};
		A2B8C0CD1C2104130001D622 /* WYDemoTests */ = {
			isa = PBXNativeTarget;
			buildConfigurationList = A2B8C0E51C2104140001D622 /* Build configuration list for PBXNativeTarget "WYDemoTests" */;
			buildPhases = (
				A2B8C0CA1C2104130001D622 /* Sources */,
				A2B8C0CB1C2104130001D622 /* Frameworks */,
				A2B8C0CC1C2104130001D622 /* Resources */,
			);
			buildRules = (
			);
			dependencies = (
				A2B8C0D01C2104130001D622 /* PBXTargetDependency */,
			);
			name = WYDemoTests;
			productName = WYDemoTests;
			productReference = A2B8C0CE1C2104130001D622 /* WYDemoTests.xctest */;
			productType = "com.apple.product-type.bundle.unit-test";
		};
		A2B8C0D81C2104140001D622 /* WYDemoUITests */ = {
			isa = PBXNativeTarget;
			buildConfigurationList = A2B8C0E81C2104140001D622 /* Build configuration list for PBXNativeTarget "WYDemoUITests" */;
			buildPhases = (
				A2B8C0D51C2104140001D622 /* Sources */,
				A2B8C0D61C2104140001D622 /* Frameworks */,
				A2B8C0D71C2104140001D622 /* Resources */,
			);
			buildRules = (
			);
			dependencies = (
				A2B8C0DB1C2104140001D622 /* PBXTargetDependency */,
			);
			name = WYDemoUITests;
			productName = WYDemoUITests;
			productReference = A2B8C0D91C2104140001D622 /* WYDemoUITests.xctest */;
			productType = "com.apple.product-type.bundle.ui-testing";
		};
/* End PBXNativeTarget section */

/* Begin PBXProject section */
		A2B8C0AD1C2104130001D622 /* Project object */ = {
			isa = PBXProject;
			attributes = {
				LastUpgradeCheck = 0710;
				ORGANIZATIONNAME = "王恕";
				TargetAttributes = {
					A2B8C0B41C2104130001D622 = {
						CreatedOnToolsVersion = 7.1.1;
					};
					A2B8C0CD1C2104130001D622 = {
						CreatedOnToolsVersion = 7.1.1;
						TestTargetID = A2B8C0B41C2104130001D622;
					};
					A2B8C0D81C2104140001D622 = {
						CreatedOnToolsVersion = 7.1.1;
						TestTargetID = A2B8C0B41C2104130001D622;
					};
				};
			};
			buildConfigurationList = A2B8C0B01C2104130001D622 /* Build configuration list for PBXProject "WYDemo" */;
			compatibilityVersion = "Xcode 3.2";
			developmentRegion = English;
			hasScannedForEncodings = 0;
			knownRegions = (
				en,
				Base,
			);
			mainGroup = A2B8C0AC1C2104130001D622;
			productRefGroup = A2B8C0B61C2104130001D622 /* Products */;
			projectDirPath = "";
			projectRoot = "";
			targets = (
				A2B8C0B41C2104130001D622 /* WYDemo */,
				A2B8C0CD1C2104130001D622 /* WYDemoTests */,
				A2B8C0D81C2104140001D622 /* WYDemoUITests */,
			);
		};
/* End PBXProject section */

/* Begin PBXResourcesBuildPhase section */
		A2B8C0B31C2104130001D622 /* Resources */ = {
			isa = PBXResourcesBuildPhase;
			buildActionMask = 2147483647;
			files = (
				A2B8C0C81C2104130001D622 /* LaunchScreen.storyboard in Resources */,
				A2B8C0C51C2104130001D622 /* Assets.xcassets in Resources */,
				A23BCEE31C229D5900250A3D /* icons.bundle in Resources */,
				A2B8C0C31C2104130001D622 /* Main.storyboard in Resources */,
				A23BCEC31C22424D00250A3D /* top_background.png in Resources */,
			);
			runOnlyForDeploymentPostprocessing = 0;
		};
		A2B8C0CC1C2104130001D622 /* Resources */ = {
			isa = PBXResourcesBuildPhase;
			buildActionMask = 2147483647;
			files = (
			);
			runOnlyForDeploymentPostprocessing = 0;
		};
		A2B8C0D71C2104140001D622 /* Resources */ = {
			isa = PBXResourcesBuildPhase;
			buildActionMask = 2147483647;
			files = (
			);
			runOnlyForDeploymentPostprocessing = 0;
		};
/* End PBXResourcesBuildPhase section */

/* Begin PBXSourcesBuildPhase section */
		A2B8C0B11C2104130001D622 /* Sources */ = {
			isa = PBXSourcesBuildPhase;
			buildActionMask = 2147483647;
			files = (
				A26FFB3A1C22BA1000FEA33C /* WYView.m in Sources */,
				A23BCEDE1C229D5900250A3D /* HARootScrollViewCell.m in Sources */,
				A23BCEE01C229D5900250A3D /* HAScrollNavBar.m in Sources */,
				A23BCEE51C229D5900250A3D /* UIView+Extension.m in Sources */,
				A23BCEE21C229D5900250A3D /* HASortItemView.m in Sources */,
				A2C6D1AC1C23F8DA00768487 /* webView.m in Sources */,
				A23BCEE11C229D5900250A3D /* HASortButton.m in Sources */,
				A23BCEDB1C229D5900250A3D /* HACursor.m in Sources */,
				A23BCEE41C229D5900250A3D /* UIColor+RGBA.m in Sources */,
				A2B8C0C01C2104130001D622 /* ViewController.m in Sources */,
				A23BCEDD1C229D5900250A3D /* HARootScrollView.m in Sources */,
				A2B8C0BD1C2104130001D622 /* AppDelegate.m in Sources */,
				A23BCEDC1C229D5900250A3D /* HAItemManager.m in Sources */,
				A23BCEDF1C229D5900250A3D /* HARootScrollViewManager.m in Sources */,
				A2B8C0BA1C2104130001D622 /* main.m in Sources */,
			);
			runOnlyForDeploymentPostprocessing = 0;
		};
		A2B8C0CA1C2104130001D622 /* Sources */ = {
			isa = PBXSourcesBuildPhase;
			buildActionMask = 2147483647;
			files = (
				A2B8C0D31C2104130001D622 /* WYDemoTests.m in Sources */,
			);
			runOnlyForDeploymentPostprocessing = 0;
		};
		A2B8C0D51C2104140001D622 /* Sources */ = {
			isa = PBXSourcesBuildPhase;
			buildActionMask = 2147483647;
			files = (
				A2B8C0DE1C2104140001D622 /* WYDemoUITests.m in Sources */,
			);
			runOnlyForDeploymentPostprocessing = 0;
		};
/* End PBXSourcesBuildPhase section */

/* Begin PBXTargetDependency section */
		A2B8C0D01C2104130001D622 /* PBXTargetDependency */ = {
			isa = PBXTargetDependency;
			target = A2B8C0B41C2104130001D622 /* WYDemo */;
			targetProxy = A2B8C0CF1C2104130001D622 /* PBXContainerItemProxy */;
		};
		A2B8C0DB1C2104140001D622 /* PBXTargetDependency */ = {
			isa = PBXTargetDependency;
			target = A2B8C0B41C2104130001D622 /* WYDemo */;
			targetProxy = A2B8C0DA1C2104140001D622 /* PBXContainerItemProxy */;
		};
/* End PBXTargetDependency section */

/* Begin PBXVariantGroup section */
		A2B8C0C11C2104130001D622 /* Main.storyboard */ = {
			isa = PBXVariantGroup;
			children = (
				A2B8C0C21C2104130001D622 /* Base */,
			);
			name = Main.storyboard;
			sourceTree = "<group>";
		};
		A2B8C0C61C2104130001D622 /* LaunchScreen.storyboard */ = {
			isa = PBXVariantGroup;
			children = (
				A2B8C0C71C2104130001D622 /* Base */,
			);
			name = LaunchScreen.storyboard;
			sourceTree = "<group>";
		};
/* End PBXVariantGroup section */

/* Begin XCBuildConfiguration section */
		A2B8C0E01C2104140001D622 /* Debug */ = {
			isa = XCBuildConfiguration;
			buildSettings = {
				ALWAYS_SEARCH_USER_PATHS = NO;
				CLANG_CXX_LANGUAGE_STANDARD = "gnu++0x";
				CLANG_CXX_LIBRARY = "libc++";
				CLANG_ENABLE_MODULES = YES;
				CLANG_ENABLE_OBJC_ARC = YES;
				CLANG_WARN_BOOL_CONVERSION = YES;
				CLANG_WARN_CONSTANT_CONVERSION = YES;
				CLANG_WARN_DIRECT_OBJC_ISA_USAGE = YES_ERROR;
				CLANG_WARN_EMPTY_BODY = YES;
				CLANG_WARN_ENUM_CONVERSION = YES;
				CLANG_WARN_INT_CONVERSION = YES;
				CLANG_WARN_OBJC_ROOT_CLASS = YES_ERROR;
				CLANG_WARN_UNREACHABLE_CODE = YES;
				CLANG_WARN__DUPLICATE_METHOD_MATCH = YES;
				"CODE_SIGN_IDENTITY[sdk=iphoneos*]" = "iPhone Developer";
				COPY_PHASE_STRIP = NO;
				DEBUG_INFORMATION_FORMAT = dwarf;
				ENABLE_STRICT_OBJC_MSGSEND = YES;
				ENABLE_TESTABILITY = YES;
				GCC_C_LANGUAGE_STANDARD = gnu99;
				GCC_DYNAMIC_NO_PIC = NO;
				GCC_NO_COMMON_BLOCKS = YES;
				GCC_OPTIMIZATION_LEVEL = 0;
				GCC_PREPROCESSOR_DEFINITIONS = (
					"DEBUG=1",
					"$(inherited)",
				);
				GCC_WARN_64_TO_32_BIT_CONVERSION = YES;
				GCC_WARN_ABOUT_RETURN_TYPE = YES_ERROR;
				GCC_WARN_UNDECLARED_SELECTOR = YES;
				GCC_WARN_UNINITIALIZED_AUTOS = YES_AGGRESSIVE;
				GCC_WARN_UNUSED_FUNCTION = YES;
				GCC_WARN_UNUSED_VARIABLE = YES;
				IPHONEOS_DEPLOYMENT_TARGET = 9.1;
				MTL_ENABLE_DEBUG_INFO = YES;
				ONLY_ACTIVE_ARCH = YES;
				SDKROOT = iphoneos;
			};
			name = Debug;
		};
		A2B8C0E11C2104140001D622 /* Release */ = {
			isa = XCBuildConfiguration;
			buildSettings = {
				ALWAYS_SEARCH_USER_PATHS = NO;
				CLANG_CXX_LANGUAGE_STANDARD = "gnu++0x";
				CLANG_CXX_LIBRARY = "libc++";
				CLANG_ENABLE_MODULES = YES;
				CLANG_ENABLE_OBJC_ARC = YES;
				CLANG_WARN_BOOL_CONVERSION = YES;
				CLANG_WARN_CONSTANT_CONVERSION = YES;
				CLANG_WARN_DIRECT_OBJC_ISA_USAGE = YES_ERROR;
				CLANG_WARN_EMPTY_BODY = YES;
				CLANG_WARN_ENUM_CONVERSION = YES;
				CLANG_WARN_INT_CONVERSION = YES;
				CLANG_WARN_OBJC_ROOT_CLASS = YES_ERROR;
				CLANG_WARN_UNREACHABLE_CODE = YES;
				CLANG_WARN__DUPLICATE_METHOD_MATCH = YES;
				"CODE_SIGN_IDENTITY[sdk=iphoneos*]" = "iPhone Developer";
				COPY_PHASE_STRIP = NO;
				DEBUG_INFORMATION_FORMAT = "dwarf-with-dsym";
				ENABLE_NS_ASSERTIONS = NO;
				ENABLE_STRICT_OBJC_MSGSEND = YES;
				GCC_C_LANGUAGE_STANDARD = gnu99;
				GCC_NO_COMMON_BLOCKS = YES;
				GCC_WARN_64_TO_32_BIT_CONVERSION = YES;
				GCC_WARN_ABOUT_RETURN_TYPE = YES_ERROR;
				GCC_WARN_UNDECLARED_SELECTOR = YES;
				GCC_WARN_UNINITIALIZED_AUTOS = YES_AGGRESSIVE;
				GCC_WARN_UNUSED_FUNCTION = YES;
				GCC_WARN_UNUSED_VARIABLE = YES;
				IPHONEOS_DEPLOYMENT_TARGET = 9.1;
				MTL_ENABLE_DEBUG_INFO = NO;
				SDKROOT = iphoneos;
				VALIDATE_PRODUCT = YES;
			};
			name = Release;
		};
		A2B8C0E31C2104140001D622 /* Debug */ = {
			isa = XCBuildConfiguration;
			buildSettings = {
				ASSETCATALOG_COMPILER_APPICON_NAME = AppIcon;
				INFOPLIST_FILE = WYDemo/Info.plist;
				LD_RUNPATH_SEARCH_PATHS = "$(inherited) @executable_path/Frameworks";
				PRODUCT_BUNDLE_IDENTIFIER = "-.WYDemo";
				PRODUCT_NAME = "$(TARGET_NAME)";
			};
			name = Debug;
		};
		A2B8C0E41C2104140001D622 /* Release */ = {
			isa = XCBuildConfiguration;
			buildSettings = {
				ASSETCATALOG_COMPILER_APPICON_NAME = AppIcon;
				INFOPLIST_FILE = WYDemo/Info.plist;
				LD_RUNPATH_SEARCH_PATHS = "$(inherited) @executable_path/Frameworks";
				PRODUCT_BUNDLE_IDENTIFIER = "-.WYDemo";
				PRODUCT_NAME = "$(TARGET_NAME)";
			};
			name = Release;
		};
		A2B8C0E61C2104140001D622 /* Debug */ = {
			isa = XCBuildConfiguration;
			buildSettings = {
				BUNDLE_LOADER = "$(TEST_HOST)";
				INFOPLIST_FILE = WYDemoTests/Info.plist;
				LD_RUNPATH_SEARCH_PATHS = "$(inherited) @executable_path/Frameworks @loader_path/Frameworks";
				PRODUCT_BUNDLE_IDENTIFIER = "-.WYDemoTests";
				PRODUCT_NAME = "$(TARGET_NAME)";
				TEST_HOST = "$(BUILT_PRODUCTS_DIR)/WYDemo.app/WYDemo";
			};
			name = Debug;
		};
		A2B8C0E71C2104140001D622 /* Release */ = {
			isa = XCBuildConfiguration;
			buildSettings = {
				BUNDLE_LOADER = "$(TEST_HOST)";
				INFOPLIST_FILE = WYDemoTests/Info.plist;
				LD_RUNPATH_SEARCH_PATHS = "$(inherited) @executable_path/Frameworks @loader_path/Frameworks";
				PRODUCT_BUNDLE_IDENTIFIER = "-.WYDemoTests";
				PRODUCT_NAME = "$(TARGET_NAME)";
				TEST_HOST = "$(BUILT_PRODUCTS_DIR)/WYDemo.app/WYDemo";
			};
			name = Release;
		};
		A2B8C0E91C2104140001D622 /* Debug */ = {
			isa = XCBuildConfiguration;
			buildSettings = {
				INFOPLIST_FILE = WYDemoUITests/Info.plist;
				LD_RUNPATH_SEARCH_PATHS = "$(inherited) @executable_path/Frameworks @loader_path/Frameworks";
				PRODUCT_BUNDLE_IDENTIFIER = "-.WYDemoUITests";
				PRODUCT_NAME = "$(TARGET_NAME)";
				TEST_TARGET_NAME = WYDemo;
				USES_XCTRUNNER = YES;
			};
			name = Debug;
		};
		A2B8C0EA1C2104140001D622 /* Release */ = {
			isa = XCBuildConfiguration;
			buildSettings = {
				INFOPLIST_FILE = WYDemoUITests/Info.plist;
				LD_RUNPATH_SEARCH_PATHS = "$(inherited) @executable_path/Frameworks @loader_path/Frameworks";
				PRODUCT_BUNDLE_IDENTIFIER = "-.WYDemoUITests";
				PRODUCT_NAME = "$(TARGET_NAME)";
				TEST_TARGET_NAME = WYDemo;
				USES_XCTRUNNER = YES;
			};
			name = Release;
		};
/* End XCBuildConfiguration section */

/* Begin XCConfigurationList section */
		A2B8C0B01C2104130001D622 /* Build configuration list for PBXProject "WYDemo" */ = {
			isa = XCConfigurationList;
			buildConfigurations = (
				A2B8C0E01C2104140001D622 /* Debug */,
				A2B8C0E11C2104140001D622 /* Release */,
			);
			defaultConfigurationIsVisible = 0;
			defaultConfigurationName = Release;
		};
		A2B8C0E21C2104140001D622 /* Build configuration list for PBXNativeTarget "WYDemo" */ = {
			isa = XCConfigurationList;
			buildConfigurations = (
				A2B8C0E31C2104140001D622 /* Debug */,
				A2B8C0E41C2104140001D622 /* Release */,
			);
			defaultConfigurationIsVisible = 0;
			defaultConfigurationName = Release;
		};
		A2B8C0E51C2104140001D622 /* Build configuration list for PBXNativeTarget "WYDemoTests" */ = {
			isa = XCConfigurationList;
			buildConfigurations = (
				A2B8C0E61C2104140001D622 /* Debug */,
				A2B8C0E71C2104140001D622 /* Release */,
			);
			defaultConfigurationIsVisible = 0;
			defaultConfigurationName = Release;
		};
		A2B8C0E81C2104140001D622 /* Build configuration list for PBXNativeTarget "WYDemoUITests" */ = {
			isa = XCConfigurationList;
			buildConfigurations = (
				A2B8C0E91C2104140001D622 /* Debug */,
				A2B8C0EA1C2104140001D622 /* Release */,
			);
			defaultConfigurationIsVisible = 0;
			defaultConfigurationName = Release;
		};
/* End XCConfigurationList section */
	};
	rootObject = A2B8C0AD1C2104130001D622 /* Project object */;
}
